// !$*UTF8*$!
{
	archiveVersion = 1;
	classes = {
	};
	objectVersion = 50;
	objects = {

/* Begin PBXBuildFile section */
		18D2646622EF493A00DA27C1 /* AppDelegate.swift in Sources */ = {isa = PBXBuildFile; fileRef = 18D2646522EF493A00DA27C1 /* AppDelegate.swift */; };
		18D2646B22EF493A00DA27C1 /* Main.storyboard in Resources */ = {isa = PBXBuildFile; fileRef = 18D2646922EF493A00DA27C1 /* Main.storyboard */; };
		18D2646E22EF493A00DA27C1 /* ViewFinder.xcdatamodeld in Sources */ = {isa = PBXBuildFile; fileRef = 18D2646C22EF493A00DA27C1 /* ViewFinder.xcdatamodeld */; };
		18D2647022EF493B00DA27C1 /* Assets.xcassets in Resources */ = {isa = PBXBuildFile; fileRef = 18D2646F22EF493B00DA27C1 /* Assets.xcassets */; };
		18D2647322EF493B00DA27C1 /* LaunchScreen.storyboard in Resources */ = {isa = PBXBuildFile; fileRef = 18D2647122EF493B00DA27C1 /* LaunchScreen.storyboard */; };
		18D2647E22EF493B00DA27C1 /* ViewFinderTests.swift in Sources */ = {isa = PBXBuildFile; fileRef = 18D2647D22EF493B00DA27C1 /* ViewFinderTests.swift */; };
		18D2648922EF493B00DA27C1 /* ViewFinderUITests.swift in Sources */ = {isa = PBXBuildFile; fileRef = 18D2648822EF493B00DA27C1 /* ViewFinderUITests.swift */; };
		18D2649722EF4DF800DA27C1 /* AddPhotoViewController.swift in Sources */ = {isa = PBXBuildFile; fileRef = 18D2649622EF4DF800DA27C1 /* AddPhotoViewController.swift */; };
		18D2649922EF661B00DA27C1 /* PhotoTableTableViewController.swift in Sources */ = {isa = PBXBuildFile; fileRef = 18D2649822EF661B00DA27C1 /* PhotoTableTableViewController.swift */; };
		18D2649B22EF7BED00DA27C1 /* PhotoDetailViewController.swift in Sources */ = {isa = PBXBuildFile; fileRef = 18D2649A22EF7BED00DA27C1 /* PhotoDetailViewController.swift */; };
/* End PBXBuildFile section */

/* Begin PBXContainerItemProxy section */
		18D2647A22EF493B00DA27C1 /* PBXContainerItemProxy */ = {
			isa = PBXContainerItemProxy;
			containerPortal = 18D2645A22EF493A00DA27C1 /* Project object */;
			proxyType = 1;
			remoteGlobalIDString = 18D2646122EF493A00DA27C1;
			remoteInfo = ViewFinder;
		};
		18D2648522EF493B00DA27C1 /* PBXContainerItemProxy */ = {
			isa = PBXContainerItemProxy;
			containerPortal = 18D2645A22EF493A00DA27C1 /* Project object */;
			proxyType = 1;
			remoteGlobalIDString = 18D2646122EF493A00DA27C1;
			remoteInfo = ViewFinder;
		};
/* End PBXContainerItemProxy section */

/* Begin PBXFileReference section */
		18D2646222EF493A00DA27C1 /* ViewFinder.app */ = {isa = PBXFileReference; explicitFileType = wrapper.application; includeInIndex = 0; path = ViewFinder.app; sourceTree = BUILT_PRODUCTS_DIR; };
		18D2646522EF493A00DA27C1 /* AppDelegate.swift */ = {isa = PBXFileReference; lastKnownFileType = sourcecode.swift; path = AppDelegate.swift; sourceTree = "<group>"; };
		18D2646A22EF493A00DA27C1 /* Base */ = {isa = PBXFileReference; lastKnownFileType = file.storyboard; name = Base; path = Base.lproj/Main.storyboard; sourceTree = "<group>"; };
		18D2646D22EF493A00DA27C1 /* ViewFinder.xcdatamodel */ = {isa = PBXFileReference; lastKnownFileType = wrapper.xcdatamodel; path = ViewFinder.xcdatamodel; sourceTree = "<group>"; };
		18D2646F22EF493B00DA27C1 /* Assets.xcassets */ = {isa = PBXFileReference; lastKnownFileType = folder.assetcatalog; path = Assets.xcassets; sourceTree = "<group>"; };
		18D2647222EF493B00DA27C1 /* Base */ = {isa = PBXFileReference; lastKnownFileType = file.storyboard; name = Base; path = Base.lproj/LaunchScreen.storyboard; sourceTree = "<group>"; };
		18D2647422EF493B00DA27C1 /* Info.plist */ = {isa = PBXFileReference; lastKnownFileType = text.plist.xml; path = Info.plist; sourceTree = "<group>"; };
		18D2647922EF493B00DA27C1 /* ViewFinderTests.xctest */ = {isa = PBXFileReference; explicitFileType = wrapper.cfbundle; includeInIndex = 0; path = ViewFinderTests.xctest; sourceTree = BUILT_PRODUCTS_DIR; };
		18D2647D22EF493B00DA27C1 /* ViewFinderTests.swift */ = {isa = PBXFileReference; lastKnownFileType = sourcecode.swift; path = ViewFinderTests.swift; sourceTree = "<group>"; };
		18D2647F22EF493B00DA27C1 /* Info.plist */ = {isa = PBXFileReference; lastKnownFileType = text.plist.xml; path = Info.plist; sourceTree = "<group>"; };
		18D2648422EF493B00DA27C1 /* ViewFinderUITests.xctest */ = {isa = PBXFileReference; explicitFileType = wrapper.cfbundle; includeInIndex = 0; path = ViewFinderUITests.xctest; sourceTree = BUILT_PRODUCTS_DIR; };
		18D2648822EF493B00DA27C1 /* ViewFinderUITests.swift */ = {isa = PBXFileReference; lastKnownFileType = sourcecode.swift; path = ViewFinderUITests.swift; sourceTree = "<group>"; };
		18D2648A22EF493B00DA27C1 /* Info.plist */ = {isa = PBXFileReference; lastKnownFileType = text.plist.xml; path = Info.plist; sourceTree = "<group>"; };
		18D2649622EF4DF800DA27C1 /* AddPhotoViewController.swift */ = {isa = PBXFileReference; lastKnownFileType = sourcecode.swift; path = AddPhotoViewController.swift; sourceTree = "<group>"; };
		18D2649822EF661B00DA27C1 /* PhotoTableTableViewController.swift */ = {isa = PBXFileReference; lastKnownFileType = sourcecode.swift; path = PhotoTableTableViewController.swift; sourceTree = "<group>"; };
		18D2649A22EF7BED00DA27C1 /* PhotoDetailViewController.swift */ = {isa = PBXFileReference; lastKnownFileType = sourcecode.swift; path = PhotoDetailViewController.swift; sourceTree = "<group>"; };
/* End PBXFileReference section */

/* Begin PBXFrameworksBuildPhase section */
		18D2645F22EF493A00DA27C1 /* Frameworks */ = {
			isa = PBXFrameworksBuildPhase;
			buildActionMask = 2147483647;
			files = (
			);
			runOnlyForDeploymentPostprocessing = 0;
		};
		18D2647622EF493B00DA27C1 /* Frameworks */ = {
			isa = PBXFrameworksBuildPhase;
			buildActionMask = 2147483647;
			files = (
			);
			runOnlyForDeploymentPostprocessing = 0;
		};
		18D2648122EF493B00DA27C1 /* Frameworks */ = {
			isa = PBXFrameworksBuildPhase;
			buildActionMask = 2147483647;
			files = (
			);
			runOnlyForDeploymentPostprocessing = 0;
		};
/* End PBXFrameworksBuildPhase section */

/* Begin PBXGroup section */
		18D2645922EF493A00DA27C1 = {
			isa = PBXGroup;
			children = (
				18D2646422EF493A00DA27C1 /* ViewFinder */,
				18D2647C22EF493B00DA27C1 /* ViewFinderTests */,
				18D2648722EF493B00DA27C1 /* ViewFinderUITests */,
				18D2646322EF493A00DA27C1 /* Products */,
			);
			sourceTree = "<group>";
		};
		18D2646322EF493A00DA27C1 /* Products */ = {
			isa = PBXGroup;
			children = (
				18D2646222EF493A00DA27C1 /* ViewFinder.app */,
				18D2647922EF493B00DA27C1 /* ViewFinderTests.xctest */,
				18D2648422EF493B00DA27C1 /* ViewFinderUITests.xctest */,
			);
			name = Products;
			sourceTree = "<group>";
		};
		18D2646422EF493A00DA27C1 /* ViewFinder */ = {
			isa = PBXGroup;
			children = (
				18D2646522EF493A00DA27C1 /* AppDelegate.swift */,
				18D2646922EF493A00DA27C1 /* Main.storyboard */,
				18D2649A22EF7BED00DA27C1 /* PhotoDetailViewController.swift */,
				18D2649622EF4DF800DA27C1 /* AddPhotoViewController.swift */,
				18D2649822EF661B00DA27C1 /* PhotoTableTableViewController.swift */,
				18D2646F22EF493B00DA27C1 /* Assets.xcassets */,
				18D2647122EF493B00DA27C1 /* LaunchScreen.storyboard */,
				18D2647422EF493B00DA27C1 /* Info.plist */,
				18D2646C22EF493A00DA27C1 /* ViewFinder.xcdatamodeld */,
			);
			path = ViewFinder;
			sourceTree = "<group>";
		};
		18D2647C22EF493B00DA27C1 /* ViewFinderTests */ = {
			isa = PBXGroup;
			children = (
				18D2647D22EF493B00DA27C1 /* ViewFinderTests.swift */,
				18D2647F22EF493B00DA27C1 /* Info.plist */,
			);
			path = ViewFinderTests;
			sourceTree = "<group>";
		};
		18D2648722EF493B00DA27C1 /* ViewFinderUITests */ = {
			isa = PBXGroup;
			children = (
				18D2648822EF493B00DA27C1 /* ViewFinderUITests.swift */,
				18D2648A22EF493B00DA27C1 /* Info.plist */,
			);
			path = ViewFinderUITests;
			sourceTree = "<group>";
		};
/* End PBXGroup section */

/* Begin PBXNativeTarget section */
		18D2646122EF493A00DA27C1 /* ViewFinder */ = {
			isa = PBXNativeTarget;
			buildConfigurationList = 18D2648D22EF493B00DA27C1 /* Build configuration list for PBXNativeTarget "ViewFinder" */;
			buildPhases = (
				18D2645E22EF493A00DA27C1 /* Sources */,
				18D2645F22EF493A00DA27C1 /* Frameworks */,
				18D2646022EF493A00DA27C1 /* Resources */,
			);
			buildRules = (
			);
			dependencies = (
			);
			name = ViewFinder;
			productName = ViewFinder;
			productReference = 18D2646222EF493A00DA27C1 /* ViewFinder.app */;
			productType = "com.apple.product-type.application";
		};
		18D2647822EF493B00DA27C1 /* ViewFinderTests */ = {
			isa = PBXNativeTarget;
			buildConfigurationList = 18D2649022EF493B00DA27C1 /* Build configuration list for PBXNativeTarget "ViewFinderTests" */;
			buildPhases = (
				18D2647522EF493B00DA27C1 /* Sources */,
				18D2647622EF493B00DA27C1 /* Frameworks */,
				18D2647722EF493B00DA27C1 /* Resources */,
			);
			buildRules = (
			);
			dependencies = (
				18D2647B22EF493B00DA27C1 /* PBXTargetDependency */,
			);
			name = ViewFinderTests;
			productName = ViewFinderTests;
			productReference = 18D2647922EF493B00DA27C1 /* ViewFinderTests.xctest */;
			productType = "com.apple.product-type.bundle.unit-test";
		};
		18D2648322EF493B00DA27C1 /* ViewFinderUITests */ = {
			isa = PBXNativeTarget;
			buildConfigurationList = 18D2649322EF493B00DA27C1 /* Build configuration list for PBXNativeTarget "ViewFinderUITests" */;
			buildPhases = (
				18D2648022EF493B00DA27C1 /* Sources */,
				18D2648122EF493B00DA27C1 /* Frameworks */,
				18D2648222EF493B00DA27C1 /* Resources */,
			);
			buildRules = (
			);
			dependencies = (
				18D2648622EF493B00DA27C1 /* PBXTargetDependency */,
			);
			name = ViewFinderUITests;
			productName = ViewFinderUITests;
			productReference = 18D2648422EF493B00DA27C1 /* ViewFinderUITests.xctest */;
			productType = "com.apple.product-type.bundle.ui-testing";
		};
/* End PBXNativeTarget section */

/* Begin PBXProject section */
		18D2645A22EF493A00DA27C1 /* Project object */ = {
			isa = PBXProject;
			attributes = {
				LastSwiftUpdateCheck = 1020;
				LastUpgradeCheck = 1020;
				ORGANIZATIONNAME = "Leora and Daya";
				TargetAttributes = {
					18D2646122EF493A00DA27C1 = {
						CreatedOnToolsVersion = 10.2.1;
					};
					18D2647822EF493B00DA27C1 = {
						CreatedOnToolsVersion = 10.2.1;
						TestTargetID = 18D2646122EF493A00DA27C1;
					};
					18D2648322EF493B00DA27C1 = {
						CreatedOnToolsVersion = 10.2.1;
						TestTargetID = 18D2646122EF493A00DA27C1;
					};
				};
			};
			buildConfigurationList = 18D2645D22EF493A00DA27C1 /* Build configuration list for PBXProject "ViewFinder" */;
			compatibilityVersion = "Xcode 9.3";
			developmentRegion = en;
			hasScannedForEncodings = 0;
			knownRegions = (
				en,
				Base,
			);
			mainGroup = 18D2645922EF493A00DA27C1;
			productRefGroup = 18D2646322EF493A00DA27C1 /* Products */;
			projectDirPath = "";
			projectRoot = "";
			targets = (
				18D2646122EF493A00DA27C1 /* ViewFinder */,
				18D2647822EF493B00DA27C1 /* ViewFinderTests */,
				18D2648322EF493B00DA27C1 /* ViewFinderUITests */,
			);
		};
/* End PBXProject section */

/* Begin PBXResourcesBuildPhase section */
		18D2646022EF493A00DA27C1 /* Resources */ = {
			isa = PBXResourcesBuildPhase;
			buildActionMask = 2147483647;
			files = (
				18D2647322EF493B00DA27C1 /* LaunchScreen.storyboard in Resources */,
				18D2647022EF493B00DA27C1 /* Assets.xcassets in Resources */,
				18D2646B22EF493A00DA27C1 /* Main.storyboard in Resources */,
			);
			runOnlyForDeploymentPostprocessing = 0;
		};
		18D2647722EF493B00DA27C1 /* Resources */ = {
			isa = PBXResourcesBuildPhase;
			buildActionMask = 2147483647;
			files = (
			);
			runOnlyForDeploymentPostprocessing = 0;
		};
		18D2648222EF493B00DA27C1 /* Resources */ = {
			isa = PBXResourcesBuildPhase;
			buildActionMask = 2147483647;
			files = (
			);
			runOnlyForDeploymentPostprocessing = 0;
		};
/* End PBXResourcesBuildPhase section */

/* Begin PBXSourcesBuildPhase section */
		18D2645E22EF493A00DA27C1 /* Sources */ = {
			isa = PBXSourcesBuildPhase;
			buildActionMask = 2147483647;
			files = (
				18D2646E22EF493A00DA27C1 /* ViewFinder.xcdatamodeld in Sources */,
				18D2649722EF4DF800DA27C1 /* AddPhotoViewController.swift in Sources */,
				18D2646622EF493A00DA27C1 /* AppDelegate.swift in Sources */,
				18D2649B22EF7BED00DA27C1 /* PhotoDetailViewController.swift in Sources */,
				18D2649922EF661B00DA27C1 /* PhotoTableTableViewController.swift in Sources */,
			);
			runOnlyForDeploymentPostprocessing = 0;
		};
		18D2647522EF493B00DA27C1 /* Sources */ = {
			isa = PBXSourcesBuildPhase;
			buildActionMask = 2147483647;
			files = (
				18D2647E22EF493B00DA27C1 /* ViewFinderTests.swift in Sources */,
			);
			runOnlyForDeploymentPostprocessing = 0;
		};
		18D2648022EF493B00DA27C1 /* Sources */ = {
			isa = PBXSourcesBuildPhase;
			buildActionMask = 2147483647;
			files = (
				18D2648922EF493B00DA27C1 /* ViewFinderUITests.swift in Sources */,
			);
			runOnlyForDeploymentPostprocessing = 0;
		};
/* End PBXSourcesBuildPhase section */

/* Begin PBXTargetDependency section */
		18D2647B22EF493B00DA27C1 /* PBXTargetDependency */ = {
			isa = PBXTargetDependency;
			target = 18D2646122EF493A00DA27C1 /* ViewFinder */;
			targetProxy = 18D2647A22EF493B00DA27C1 /* PBXContainerItemProxy */;
		};
		18D2648622EF493B00DA27C1 /* PBXTargetDependency */ = {
			isa = PBXTargetDependency;
			target = 18D2646122EF493A00DA27C1 /* ViewFinder */;
			targetProxy = 18D2648522EF493B00DA27C1 /* PBXContainerItemProxy */;
		};
/* End PBXTargetDependency section */

/* Begin PBXVariantGroup section */
		18D2646922EF493A00DA27C1 /* Main.storyboard */ = {
			isa = PBXVariantGroup;
			children = (
				18D2646A22EF493A00DA27C1 /* Base */,
			);
			name = Main.storyboard;
			sourceTree = "<group>";
		};
		18D2647122EF493B00DA27C1 /* LaunchScreen.storyboard */ = {
			isa = PBXVariantGroup;
			children = (
				18D2647222EF493B00DA27C1 /* Base */,
			);
			name = LaunchScreen.storyboard;
			sourceTree = "<group>";
		};
/* End PBXVariantGroup section */

/* Begin XCBuildConfiguration section */
		18D2648B22EF493B00DA27C1 /* Debug */ = {
			isa = XCBuildConfiguration;
			buildSettings = {
				ALWAYS_SEARCH_USER_PATHS = NO;
				CLANG_ANALYZER_NONNULL = YES;
				CLANG_ANALYZER_NUMBER_OBJECT_CONVERSION = YES_AGGRESSIVE;
				CLANG_CXX_LANGUAGE_STANDARD = "gnu++14";
				CLANG_CXX_LIBRARY = "libc++";
				CLANG_ENABLE_MODULES = YES;
				CLANG_ENABLE_OBJC_ARC = YES;
				CLANG_ENABLE_OBJC_WEAK = YES;
				CLANG_WARN_BLOCK_CAPTURE_AUTORELEASING = YES;
				CLANG_WARN_BOOL_CONVERSION = YES;
				CLANG_WARN_COMMA = YES;
				CLANG_WARN_CONSTANT_CONVERSION = YES;
				CLANG_WARN_DEPRECATED_OBJC_IMPLEMENTATIONS = YES;
				CLANG_WARN_DIRECT_OBJC_ISA_USAGE = YES_ERROR;
				CLANG_WARN_DOCUMENTATION_COMMENTS = YES;
				CLANG_WARN_EMPTY_BODY = YES;
				CLANG_WARN_ENUM_CONVERSION = YES;
				CLANG_WARN_INFINITE_RECURSION = YES;
				CLANG_WARN_INT_CONVERSION = YES;
				CLANG_WARN_NON_LITERAL_NULL_CONVERSION = YES;
				CLANG_WARN_OBJC_IMPLICIT_RETAIN_SELF = YES;
				CLANG_WARN_OBJC_LITERAL_CONVERSION = YES;
				CLANG_WARN_OBJC_ROOT_CLASS = YES_ERROR;
				CLANG_WARN_RANGE_LOOP_ANALYSIS = YES;
				CLANG_WARN_STRICT_PROTOTYPES = YES;
				CLANG_WARN_SUSPICIOUS_MOVE = YES;
				CLANG_WARN_UNGUARDED_AVAILABILITY = YES_AGGRESSIVE;
				CLANG_WARN_UNREACHABLE_CODE = YES;
				CLANG_WARN__DUPLICATE_METHOD_MATCH = YES;
				CODE_SIGN_IDENTITY = "iPhone Developer";
				COPY_PHASE_STRIP = NO;
				DEBUG_INFORMATION_FORMAT = dwarf;
				ENABLE_STRICT_OBJC_MSGSEND = YES;
				ENABLE_TESTABILITY = YES;
				GCC_C_LANGUAGE_STANDARD = gnu11;
				GCC_DYNAMIC_NO_PIC = NO;
				GCC_NO_COMMON_BLOCKS = YES;
				GCC_OPTIMIZATION_LEVEL = 0;
				GCC_PREPROCESSOR_DEFINITIONS = (
					"DEBUG=1",
					"$(inherited)",
				);
				GCC_WARN_64_TO_32_BIT_CONVERSION = YES;
				GCC_WARN_ABOUT_RETURN_TYPE = YES_ERROR;
				GCC_WARN_UNDECLARED_SELECTOR = YES;
				GCC_WARN_UNINITIALIZED_AUTOS = YES_AGGRESSIVE;
				GCC_WARN_UNUSED_FUNCTION = YES;
				GCC_WARN_UNUSED_VARIABLE = YES;
				IPHONEOS_DEPLOYMENT_TARGET = 12.2;
				MTL_ENABLE_DEBUG_INFO = INCLUDE_SOURCE;
				MTL_FAST_MATH = YES;
				ONLY_ACTIVE_ARCH = YES;
				SDKROOT = iphoneos;
				SWIFT_ACTIVE_COMPILATION_CONDITIONS = DEBUG;
				SWIFT_OPTIMIZATION_LEVEL = "-Onone";
			};
			name = Debug;
		};
		18D2648C22EF493B00DA27C1 /* Release */ = {
			isa = XCBuildConfiguration;
			buildSettings = {
				ALWAYS_SEARCH_USER_PATHS = NO;
				CLANG_ANALYZER_NONNULL = YES;
				CLANG_ANALYZER_NUMBER_OBJECT_CONVERSION = YES_AGGRESSIVE;
				CLANG_CXX_LANGUAGE_STANDARD = "gnu++14";
				CLANG_CXX_LIBRARY = "libc++";
				CLANG_ENABLE_MODULES = YES;
				CLANG_ENABLE_OBJC_ARC = YES;
				CLANG_ENABLE_OBJC_WEAK = YES;
				CLANG_WARN_BLOCK_CAPTURE_AUTORELEASING = YES;
				CLANG_WARN_BOOL_CONVERSION = YES;
				CLANG_WARN_COMMA = YES;
				CLANG_WARN_CONSTANT_CONVERSION = YES;
				CLANG_WARN_DEPRECATED_OBJC_IMPLEMENTATIONS = YES;
				CLANG_WARN_DIRECT_OBJC_ISA_USAGE = YES_ERROR;
				CLANG_WARN_DOCUMENTATION_COMMENTS = YES;
				CLANG_WARN_EMPTY_BODY = YES;
				CLANG_WARN_ENUM_CONVERSION = YES;
				CLANG_WARN_INFINITE_RECURSION = YES;
				CLANG_WARN_INT_CONVERSION = YES;
				CLANG_WARN_NON_LITERAL_NULL_CONVERSION = YES;
				CLANG_WARN_OBJC_IMPLICIT_RETAIN_SELF = YES;
				CLANG_WARN_OBJC_LITERAL_CONVERSION = YES;
				CLANG_WARN_OBJC_ROOT_CLASS = YES_ERROR;
				CLANG_WARN_RANGE_LOOP_ANALYSIS = YES;
				CLANG_WARN_STRICT_PROTOTYPES = YES;
				CLANG_WARN_SUSPICIOUS_MOVE = YES;
				CLANG_WARN_UNGUARDED_AVAILABILITY = YES_AGGRESSIVE;
				CLANG_WARN_UNREACHABLE_CODE = YES;
				CLANG_WARN__DUPLICATE_METHOD_MATCH = YES;
				CODE_SIGN_IDENTITY = "iPhone Developer";
				COPY_PHASE_STRIP = NO;
				DEBUG_INFORMATION_FORMAT = "dwarf-with-dsym";
				ENABLE_NS_ASSERTIONS = NO;
				ENABLE_STRICT_OBJC_MSGSEND = YES;
				GCC_C_LANGUAGE_STANDARD = gnu11;
				GCC_NO_COMMON_BLOCKS = YES;
				GCC_WARN_64_TO_32_BIT_CONVERSION = YES;
				GCC_WARN_ABOUT_RETURN_TYPE = YES_ERROR;
				GCC_WARN_UNDECLARED_SELECTOR = YES;
				GCC_WARN_UNINITIALIZED_AUTOS = YES_AGGRESSIVE;
				GCC_WARN_UNUSED_FUNCTION = YES;
				GCC_WARN_UNUSED_VARIABLE = YES;
				IPHONEOS_DEPLOYMENT_TARGET = 12.2;
				MTL_ENABLE_DEBUG_INFO = NO;
				MTL_FAST_MATH = YES;
				SDKROOT = iphoneos;
				SWIFT_COMPILATION_MODE = wholemodule;
				SWIFT_OPTIMIZATION_LEVEL = "-O";
				VALIDATE_PRODUCT = YES;
			};
			name = Release;
		};
		18D2648E22EF493B00DA27C1 /* Debug */ = {
			isa = XCBuildConfiguration;
			buildSettings = {
				ASSETCATALOG_COMPILER_APPICON_NAME = AppIcon;
				CODE_SIGN_STYLE = Automatic;
				INFOPLIST_FILE = ViewFinder/Info.plist;
				LD_RUNPATH_SEARCH_PATHS = (
					"$(inherited)",
					"@executable_path/Frameworks",
				);
				PRODUCT_BUNDLE_IDENTIFIER = weird.ViewFinder;
				PRODUCT_NAME = "$(TARGET_NAME)";
				SWIFT_VERSION = 5.0;
				TARGETED_DEVICE_FAMILY = "1,2";
			};
			name = Debug;
		};
		18D2648F22EF493B00DA27C1 /* Release */ = {
			isa = XCBuildConfiguration;
			buildSettings = {
				ASSETCATALOG_COMPILER_APPICON_NAME = AppIcon;
				CODE_SIGN_STYLE = Automatic;
				INFOPLIST_FILE = ViewFinder/Info.plist;
				LD_RUNPATH_SEARCH_PATHS = (
					"$(inherited)",
					"@executable_path/Frameworks",
				);
				PRODUCT_BUNDLE_IDENTIFIER = weird.ViewFinder;
				PRODUCT_NAME = "$(TARGET_NAME)";
				SWIFT_VERSION = 5.0;
				TARGETED_DEVICE_FAMILY = "1,2";
			};
			name = Release;
		};
		18D2649122EF493B00DA27C1 /* Debug */ = {
			isa = XCBuildConfiguration;
			buildSettings = {
				ALWAYS_EMBED_SWIFT_STANDARD_LIBRARIES = YES;
				BUNDLE_LOADER = "$(TEST_HOST)";
				CODE_SIGN_STYLE = Automatic;
				INFOPLIST_FILE = ViewFinderTests/Info.plist;
				LD_RUNPATH_SEARCH_PATHS = (
					"$(inherited)",
					"@executable_path/Frameworks",
					"@loader_path/Frameworks",
				);
				PRODUCT_BUNDLE_IDENTIFIER = weird.ViewFinderTests;
				PRODUCT_NAME = "$(TARGET_NAME)";
				SWIFT_VERSION = 5.0;
				TARGETED_DEVICE_FAMILY = "1,2";
				TEST_HOST = "$(BUILT_PRODUCTS_DIR)/ViewFinder.app/ViewFinder";
			};
			name = Debug;
		};
		18D2649222EF493B00DA27C1 /* Release */ = {
			isa = XCBuildConfiguration;
			buildSettings = {
				ALWAYS_EMBED_SWIFT_STANDARD_LIBRARIES = YES;
				BUNDLE_LOADER = "$(TEST_HOST)";
				CODE_SIGN_STYLE = Automatic;
				INFOPLIST_FILE = ViewFinderTests/Info.plist;
				LD_RUNPATH_SEARCH_PATHS = (
					"$(inherited)",
					"@executable_path/Frameworks",
					"@loader_path/Frameworks",
				);
				PRODUCT_BUNDLE_IDENTIFIER = weird.ViewFinderTests;
				PRODUCT_NAME = "$(TARGET_NAME)";
				SWIFT_VERSION = 5.0;
				TARGETED_DEVICE_FAMILY = "1,2";
				TEST_HOST = "$(BUILT_PRODUCTS_DIR)/ViewFinder.app/ViewFinder";
			};
			name = Release;
		};
		18D2649422EF493B00DA27C1 /* Debug */ = {
			isa = XCBuildConfiguration;
			buildSettings = {
				ALWAYS_EMBED_SWIFT_STANDARD_LIBRARIES = YES;
				CODE_SIGN_STYLE = Automatic;
				INFOPLIST_FILE = ViewFinderUITests/Info.plist;
				LD_RUNPATH_SEARCH_PATHS = (
					"$(inherited)",
					"@executable_path/Frameworks",
					"@loader_path/Frameworks",
				);
				PRODUCT_BUNDLE_IDENTIFIER = weird.ViewFinderUITests;
				PRODUCT_NAME = "$(TARGET_NAME)";
				SWIFT_VERSION = 5.0;
				TARGETED_DEVICE_FAMILY = "1,2";
				TEST_TARGET_NAME = ViewFinder;
			};
			name = Debug;
		};
		18D2649522EF493B00DA27C1 /* Release */ = {
			isa = XCBuildConfiguration;
			buildSettings = {
				ALWAYS_EMBED_SWIFT_STANDARD_LIBRARIES = YES;
				CODE_SIGN_STYLE = Automatic;
				INFOPLIST_FILE = ViewFinderUITests/Info.plist;
				LD_RUNPATH_SEARCH_PATHS = (
					"$(inherited)",
					"@executable_path/Frameworks",
					"@loader_path/Frameworks",
				);
				PRODUCT_BUNDLE_IDENTIFIER = weird.ViewFinderUITests;
				PRODUCT_NAME = "$(TARGET_NAME)";
				SWIFT_VERSION = 5.0;
				TARGETED_DEVICE_FAMILY = "1,2";
				TEST_TARGET_NAME = ViewFinder;
			};
			name = Release;
		};
/* End XCBuildConfiguration section */

/* Begin XCConfigurationList section */
		18D2645D22EF493A00DA27C1 /* Build configuration list for PBXProject "ViewFinder" */ = {
			isa = XCConfigurationList;
			buildConfigurations = (
				18D2648B22EF493B00DA27C1 /* Debug */,
				18D2648C22EF493B00DA27C1 /* Release */,
			);
			defaultConfigurationIsVisible = 0;
			defaultConfigurationName = Release;
		};
		18D2648D22EF493B00DA27C1 /* Build configuration list for PBXNativeTarget "ViewFinder" */ = {
			isa = XCConfigurationList;
			buildConfigurations = (
				18D2648E22EF493B00DA27C1 /* Debug */,
				18D2648F22EF493B00DA27C1 /* Release */,
			);
			defaultConfigurationIsVisible = 0;
			defaultConfigurationName = Release;
		};
		18D2649022EF493B00DA27C1 /* Build configuration list for PBXNativeTarget "ViewFinderTests" */ = {
			isa = XCConfigurationList;
			buildConfigurations = (
				18D2649122EF493B00DA27C1 /* Debug */,
				18D2649222EF493B00DA27C1 /* Release */,
			);
			defaultConfigurationIsVisible = 0;
			defaultConfigurationName = Release;
		};
		18D2649322EF493B00DA27C1 /* Build configuration list for PBXNativeTarget "ViewFinderUITests" */ = {
			isa = XCConfigurationList;
			buildConfigurations = (
				18D2649422EF493B00DA27C1 /* Debug */,
				18D2649522EF493B00DA27C1 /* Release */,
			);
			defaultConfigurationIsVisible = 0;
			defaultConfigurationName = Release;
		};
/* End XCConfigurationList section */

/* Begin XCVersionGroup section */
		18D2646C22EF493A00DA27C1 /* ViewFinder.xcdatamodeld */ = {
			isa = XCVersionGroup;
			children = (
				18D2646D22EF493A00DA27C1 /* ViewFinder.xcdatamodel */,
			);
			currentVersion = 18D2646D22EF493A00DA27C1 /* ViewFinder.xcdatamodel */;
			path = ViewFinder.xcdatamodeld;
			sourceTree = "<group>";
			versionGroupType = wrapper.xcdatamodel;
		};
/* End XCVersionGroup section */
	};
	rootObject = 18D2645A22EF493A00DA27C1 /* Project object */;
}
